// !$*UTF8*$!
{
	archiveVersion = 1;
	classes = {
	};
	objectVersion = 46;
	objects = {

/* Begin PBXFileReference section */
		96C043AC1CA55D30008A4016 /* BTRanger.framework */ = {isa = PBXFileReference; explicitFileType = wrapper.cfbundle; includeInIndex = 0; path = BTRanger.framework; sourceTree = BUILT_PRODUCTS_DIR; };
		96C043AF1CA55D30008A4016 /* Info.plist */ = {isa = PBXFileReference; lastKnownFileType = text.plist.xml; path = Info.plist; sourceTree = "<group>"; };
/* End PBXFileReference section */

/* Begin PBXFrameworksBuildPhase section */
		96C043A91CA55D30008A4016 /* Frameworks */ = {
			isa = PBXFrameworksBuildPhase;
			buildActionMask = 2147483647;
			files = (
			);
			runOnlyForDeploymentPostprocessing = 0;
		};
/* End PBXFrameworksBuildPhase section */

/* Begin PBXGroup section */
		96C043A31CA55D30008A4016 = {
			isa = PBXGroup;
			children = (
				96C043AE1CA55D30008A4016 /* BTRanger */,
				96C043AD1CA55D30008A4016 /* Products */,
			);
			sourceTree = "<group>";
		};
		96C043AD1CA55D30008A4016 /* Products */ = {
			isa = PBXGroup;
			children = (
				96C043AC1CA55D30008A4016 /* BTRanger.framework */,
			);
			name = Products;
			sourceTree = "<group>";
		};
		96C043AE1CA55D30008A4016 /* BTRanger */ = {
			isa = PBXGroup;
			children = (
				96C043B61CA55D48008A4016 /* Frameworks */,
				96C043B51CA55D3F008A4016 /* Resources */,
				96C043B71CA55D57008A4016 /* basic bluetooth */,
				96C043B81CA55D81008A4016 /* swift extensions */,
				96C043BC1CA55E39008A4016 /* Headers */,
				96C043AF1CA55D30008A4016 /* Info.plist */,
			);
			path = BTRanger;
			sourceTree = "<group>";
		};
		96C043B51CA55D3F008A4016 /* Resources */ = {
			isa = PBXGroup;
			children = (
			);
			name = Resources;
			sourceTree = "<group>";
		};
		96C043B61CA55D48008A4016 /* Frameworks */ = {
			isa = PBXGroup;
			children = (
			);
			name = Frameworks;
			sourceTree = "<group>";
		};
		96C043B71CA55D57008A4016 /* basic bluetooth */ = {
			isa = PBXGroup;
			children = (
			);
			name = "basic bluetooth";
			sourceTree = "<group>";
		};
		96C043B81CA55D81008A4016 /* swift extensions */ = {
			isa = PBXGroup;
			children = (
			);
			name = "swift extensions";
			sourceTree = "<group>";
		};
		96C043BC1CA55E39008A4016 /* Headers */ = {
			isa = PBXGroup;
			children = (
			);
			name = Headers;
			sourceTree = "<group>";
		};
/* End PBXGroup section */

/* Begin PBXHeadersBuildPhase section */
		96C043C01CA55EAB008A4016 /* Headers */ = {
			isa = PBXHeadersBuildPhase;
			buildActionMask = 2147483647;
			files = (
			);
			runOnlyForDeploymentPostprocessing = 0;
		};
/* End PBXHeadersBuildPhase section */

/* Begin PBXNativeTarget section */
		96C043AB1CA55D30008A4016 /* BTRanger */ = {
			isa = PBXNativeTarget;
			buildConfigurationList = 96C043B21CA55D30008A4016 /* Build configuration list for PBXNativeTarget "BTRanger" */;
			buildPhases = (
				96C043A81CA55D30008A4016 /* Sources */,
				96C043A91CA55D30008A4016 /* Frameworks */,
				96C043AA1CA55D30008A4016 /* Resources */,
				96C043C01CA55EAB008A4016 /* Headers */,
			);
			buildRules = (
			);
			dependencies = (
			);
			name = BTRanger;
			productName = BTRanger;
			productReference = 96C043AC1CA55D30008A4016 /* BTRanger.framework */;
			productType = "com.apple.product-type.bundle";
		};
/* End PBXNativeTarget section */

/* Begin PBXProject section */
		96C043A41CA55D30008A4016 /* Project object */ = {
			isa = PBXProject;
			attributes = {
				LastUpgradeCheck = 0720;
				ORGANIZATIONNAME = "William Rosenbloom";
				TargetAttributes = {
					96C043AB1CA55D30008A4016 = {
						CreatedOnToolsVersion = 7.2.1;
					};
				};
			};
			buildConfigurationList = 96C043A71CA55D30008A4016 /* Build configuration list for PBXProject "BTRanger" */;
			compatibilityVersion = "Xcode 3.2";
			developmentRegion = English;
			hasScannedForEncodings = 0;
			knownRegions = (
				en,
			);
			mainGroup = 96C043A31CA55D30008A4016;
			productRefGroup = 96C043AD1CA55D30008A4016 /* Products */;
			projectDirPath = "";
			projectRoot = "";
			targets = (
				96C043AB1CA55D30008A4016 /* BTRanger */,
			);
		};
/* End PBXProject section */

/* Begin PBXResourcesBuildPhase section */
		96C043AA1CA55D30008A4016 /* Resources */ = {
			isa = PBXResourcesBuildPhase;
			buildActionMask = 2147483647;
			files = (
			);
			runOnlyForDeploymentPostprocessing = 0;
		};
/* End PBXResourcesBuildPhase section */

/* Begin PBXSourcesBuildPhase section */
		96C043A81CA55D30008A4016 /* Sources */ = {
			isa = PBXSourcesBuildPhase;
			buildActionMask = 2147483647;
			files = (
			);
			runOnlyForDeploymentPostprocessing = 0;
		};
/* End PBXSourcesBuildPhase section */

/* Begin XCBuildConfiguration section */
		96C043B01CA55D30008A4016 /* Debug */ = {
			isa = XCBuildConfiguration;
			buildSettings = {
				ALWAYS_SEARCH_USER_PATHS = NO;
				CLANG_CXX_LANGUAGE_STANDARD = "gnu++0x";
				CLANG_CXX_LIBRARY = "libc++";
				CLANG_ENABLE_MODULES = YES;
				CLANG_ENABLE_OBJC_ARC = YES;
				CLANG_WARN_BOOL_CONVERSION = YES;
				CLANG_WARN_CONSTANT_CONVERSION = YES;
				CLANG_WARN_DIRECT_OBJC_ISA_USAGE = YES_ERROR;
				CLANG_WARN_EMPTY_BODY = YES;
				CLANG_WARN_ENUM_CONVERSION = YES;
				CLANG_WARN_INT_CONVERSION = YES;
				CLANG_WARN_OBJC_ROOT_CLASS = YES_ERROR;
				CLANG_WARN_UNREACHABLE_CODE = YES;
				CLANG_WARN__DUPLICATE_METHOD_MATCH = YES;
				CODE_SIGN_IDENTITY = "-";
				COPY_PHASE_STRIP = NO;
				DEBUG_INFORMATION_FORMAT = dwarf;
				ENABLE_STRICT_OBJC_MSGSEND = YES;
				ENABLE_TESTABILITY = YES;
				GCC_C_LANGUAGE_STANDARD = gnu99;
				GCC_DYNAMIC_NO_PIC = NO;
				GCC_NO_COMMON_BLOCKS = YES;
				GCC_OPTIMIZATION_LEVEL = 0;
				GCC_PREPROCESSOR_DEFINITIONS = (
					"DEBUG=1",
					"$(inherited)",
				);
				GCC_WARN_64_TO_32_BIT_CONVERSION = YES;
				GCC_WARN_ABOUT_RETURN_TYPE = YES_ERROR;
				GCC_WARN_UNDECLARED_SELECTOR = YES;
				GCC_WARN_UNINITIALIZED_AUTOS = YES_AGGRESSIVE;
				GCC_WARN_UNUSED_FUNCTION = YES;
				GCC_WARN_UNUSED_VARIABLE = YES;
				MACOSX_DEPLOYMENT_TARGET = 10.10;
				MTL_ENABLE_DEBUG_INFO = YES;
				ONLY_ACTIVE_ARCH = YES;
				SDKROOT = macosx;
			};
			name = Debug;
		};
		96C043B11CA55D30008A4016 /* Release */ = {
			isa = XCBuildConfiguration;
			buildSettings = {
				ALWAYS_SEARCH_USER_PATHS = NO;
				CLANG_CXX_LANGUAGE_STANDARD = "gnu++0x";
				CLANG_CXX_LIBRARY = "libc++";
				CLANG_ENABLE_MODULES = YES;
				CLANG_ENABLE_OBJC_ARC = YES;
				CLANG_WARN_BOOL_CONVERSION = YES;
				CLANG_WARN_CONSTANT_CONVERSION = YES;
				CLANG_WARN_DIRECT_OBJC_ISA_USAGE = YES_ERROR;
				CLANG_WARN_EMPTY_BODY = YES;
				CLANG_WARN_ENUM_CONVERSION = YES;
				CLANG_WARN_INT_CONVERSION = YES;
				CLANG_WARN_OBJC_ROOT_CLASS = YES_ERROR;
				CLANG_WARN_UNREACHABLE_CODE = YES;
				CLANG_WARN__DUPLICATE_METHOD_MATCH = YES;
				CODE_SIGN_IDENTITY = "-";
				COPY_PHASE_STRIP = NO;
				DEBUG_INFORMATION_FORMAT = "dwarf-with-dsym";
				ENABLE_NS_ASSERTIONS = NO;
				ENABLE_STRICT_OBJC_MSGSEND = YES;
				GCC_C_LANGUAGE_STANDARD = gnu99;
				GCC_NO_COMMON_BLOCKS = YES;
				GCC_WARN_64_TO_32_BIT_CONVERSION = YES;
				GCC_WARN_ABOUT_RETURN_TYPE = YES_ERROR;
				GCC_WARN_UNDECLARED_SELECTOR = YES;
				GCC_WARN_UNINITIALIZED_AUTOS = YES_AGGRESSIVE;
				GCC_WARN_UNUSED_FUNCTION = YES;
				GCC_WARN_UNUSED_VARIABLE = YES;
				MACOSX_DEPLOYMENT_TARGET = 10.10;
				MTL_ENABLE_DEBUG_INFO = NO;
				SDKROOT = macosx;
			};
			name = Release;
		};
		96C043B31CA55D30008A4016 /* Debug */ = {
			isa = XCBuildConfiguration;
			buildSettings = {
				COMBINE_HIDPI_IMAGES = YES;
				INFOPLIST_FILE = BTRanger/Info.plist;
				INSTALL_PATH = "$(LOCAL_LIBRARY_DIR)/Bundles";
				PRODUCT_BUNDLE_IDENTIFIER = rosenbloom.pfing.BTRanger;
				PRODUCT_NAME = "$(TARGET_NAME)";
				SKIP_INSTALL = YES;
				WRAPPER_EXTENSION = framework;
			};
			name = Debug;
		};
		96C043B41CA55D30008A4016 /* Release */ = {
			isa = XCBuildConfiguration;
			buildSettings = {
				COMBINE_HIDPI_IMAGES = YES;
				INFOPLIST_FILE = BTRanger/Info.plist;
				INSTALL_PATH = "$(LOCAL_LIBRARY_DIR)/Bundles";
				PRODUCT_BUNDLE_IDENTIFIER = rosenbloom.pfing.BTRanger;
				PRODUCT_NAME = "$(TARGET_NAME)";
				SKIP_INSTALL = YES;
				WRAPPER_EXTENSION = framework;
			};
			name = Release;
		};
/* End XCBuildConfiguration section */

/* Begin XCConfigurationList section */
		96C043A71CA55D30008A4016 /* Build configuration list for PBXProject "BTRanger" */ = {
			isa = XCConfigurationList;
			buildConfigurations = (
				96C043B01CA55D30008A4016 /* Debug */,
				96C043B11CA55D30008A4016 /* Release */,
			);
			defaultConfigurationIsVisible = 0;
			defaultConfigurationName = Release;
		};
		96C043B21CA55D30008A4016 /* Build configuration list for PBXNativeTarget "BTRanger" */ = {
			isa = XCConfigurationList;
			buildConfigurations = (
				96C043B31CA55D30008A4016 /* Debug */,
				96C043B41CA55D30008A4016 /* Release */,
			);
			defaultConfigurationIsVisible = 0;
			defaultConfigurationName = Release;
		};
/* End XCConfigurationList section */
	};
	rootObject = 96C043A41CA55D30008A4016 /* Project object */;
}
